
Microsoft Visual Studio Solution File, Format Version 12.00
# Visual Studio Version 17
VisualStudioVersion = 17.11.35327.3
MinimumVisualStudioVersion = 10.0.40219.1
Project("{FAE04EC0-301F-11D3-BF4B-00C04F79EFBC}") = "FractionCalculator", "FractionCalculator\FractionCalculator.csproj", "{B9EB2EBC-2C4E-4BA9-89CC-C199B49F45FE}"
EndProject
Global
	GlobalSection(SolutionConfigurationPlatforms) = preSolution
		Debug|Any CPU = Debug|Any CPU
		Release|Any CPU = Release|Any CPU
	EndGlobalSection
	GlobalSection(ProjectConfigurationPlatforms) = postSolution
		{B9EB2EBC-2C4E-4BA9-89CC-C199B49F45FE}.Debug|Any CPU.ActiveCfg = Debug|Any CPU
		{B9EB2EBC-2C4E-4BA9-89CC-C199B49F45FE}.Debug|Any CPU.Build.0 = Debug|Any CPU
		{B9EB2EBC-2C4E-4BA9-89CC-C199B49F45FE}.Release|Any CPU.ActiveCfg = Release|Any CPU
		{B9EB2EBC-2C4E-4BA9-89CC-C199B49F45FE}.Release|Any CPU.Build.0 = Release|Any CPU
	EndGlobalSection
	GlobalSection(SolutionProperties) = preSolution
		HideSolutionNode = FALSE
	EndGlobalSection
	GlobalSection(ExtensibilityGlobals) = postSolution
		SolutionGuid = {C32ED028-AA70-4D33-A1C7-F4E8E0B94B59}
	EndGlobalSection
EndGlobal
